
Microsoft Visual Studio Solution File, Format Version 12.00
# Visual Studio Version 16
VisualStudioVersion = 16.0.30309.148
MinimumVisualStudioVersion = 10.0.40219.1
Project("{FAE04EC0-301F-11D3-BF4B-00C04F79EFBC}") = "solemne3", "solemne3\solemne3.csproj", "{E9210B66-C848-4D2D-A122-804FC15BE464}"
EndProject
Global
	GlobalSection(SolutionConfigurationPlatforms) = preSolution
		Debug|Any CPU = Debug|Any CPU
		Release|Any CPU = Release|Any CPU
	EndGlobalSection
	GlobalSection(ProjectConfigurationPlatforms) = postSolution
		{E9210B66-C848-4D2D-A122-804FC15BE464}.Debug|Any CPU.ActiveCfg = Debug|Any CPU
		{E9210B66-C848-4D2D-A122-804FC15BE464}.Debug|Any CPU.Build.0 = Debug|Any CPU
		{E9210B66-C848-4D2D-A122-804FC15BE464}.Release|Any CPU.ActiveCfg = Release|Any CPU
		{E9210B66-C848-4D2D-A122-804FC15BE464}.Release|Any CPU.Build.0 = Release|Any CPU
	EndGlobalSection
	GlobalSection(SolutionProperties) = preSolution
		HideSolutionNode = FALSE
	EndGlobalSection
	GlobalSection(ExtensibilityGlobals) = postSolution
		SolutionGuid = {7100301D-E0AC-4B28-9051-919F991D3FE4}
	EndGlobalSection
EndGlobal
